// !$*UTF8*$!
{
	archiveVersion = 1;
	classes = {
	};
	objectVersion = 52;
	objects = {

/* Begin PBXBuildFile section */
		50A2FB2A252364ED005CF782 /* SwiftUI_Grids_With_SearchApp.swift in Sources */ = {isa = PBXBuildFile; fileRef = 50A2FB29252364ED005CF782 /* SwiftUI_Grids_With_SearchApp.swift */; };
		50A2FB2E252364EE005CF782 /* Assets.xcassets in Resources */ = {isa = PBXBuildFile; fileRef = 50A2FB2D252364EE005CF782 /* Assets.xcassets */; };
		50A2FB31252364EE005CF782 /* Preview Assets.xcassets in Resources */ = {isa = PBXBuildFile; fileRef = 50A2FB30252364EE005CF782 /* Preview Assets.xcassets */; };
		50A2FB3B252365D3005CF782 /* GridsView.swift in Sources */ = {isa = PBXBuildFile; fileRef = 50A2FB3A252365D3005CF782 /* GridsView.swift */; };
		50A2FB40252374A0005CF782 /* KingfisherSwiftUI in Frameworks */ = {isa = PBXBuildFile; productRef = 50A2FB3F252374A0005CF782 /* KingfisherSwiftUI */; };
		50A2FB4625237AC7005CF782 /* FeedModel.swift in Sources */ = {isa = PBXBuildFile; fileRef = 50A2FB4525237AC7005CF782 /* FeedModel.swift */; };
		50A2FB4A25237AE4005CF782 /* ResultModel.swift in Sources */ = {isa = PBXBuildFile; fileRef = 50A2FB4925237AE4005CF782 /* ResultModel.swift */; };
		50A2FB4D25237B00005CF782 /* RssModel.swift in Sources */ = {isa = PBXBuildFile; fileRef = 50A2FB4C25237B00005CF782 /* RssModel.swift */; };
		50A2FB5025237B2D005CF782 /* GridsViewModel.swift in Sources */ = {isa = PBXBuildFile; fileRef = 50A2FB4F25237B2D005CF782 /* GridsViewModel.swift */; };
/* End PBXBuildFile section */

/* Begin PBXFileReference section */
		50A2FB26252364ED005CF782 /* SwiftUI Grids With Search.app */ = {isa = PBXFileReference; explicitFileType = wrapper.application; includeInIndex = 0; path = "SwiftUI Grids With Search.app"; sourceTree = BUILT_PRODUCTS_DIR; };
		50A2FB29252364ED005CF782 /* SwiftUI_Grids_With_SearchApp.swift */ = {isa = PBXFileReference; lastKnownFileType = sourcecode.swift; path = SwiftUI_Grids_With_SearchApp.swift; sourceTree = "<group>"; };
		50A2FB2D252364EE005CF782 /* Assets.xcassets */ = {isa = PBXFileReference; lastKnownFileType = folder.assetcatalog; path = Assets.xcassets; sourceTree = "<group>"; };
		50A2FB30252364EE005CF782 /* Preview Assets.xcassets */ = {isa = PBXFileReference; lastKnownFileType = folder.assetcatalog; path = "Preview Assets.xcassets"; sourceTree = "<group>"; };
		50A2FB32252364EE005CF782 /* Info.plist */ = {isa = PBXFileReference; lastKnownFileType = text.plist.xml; path = Info.plist; sourceTree = "<group>"; };
		50A2FB3A252365D3005CF782 /* GridsView.swift */ = {isa = PBXFileReference; lastKnownFileType = sourcecode.swift; path = GridsView.swift; sourceTree = "<group>"; };
		50A2FB4525237AC7005CF782 /* FeedModel.swift */ = {isa = PBXFileReference; lastKnownFileType = sourcecode.swift; path = FeedModel.swift; sourceTree = "<group>"; };
		50A2FB4925237AE4005CF782 /* ResultModel.swift */ = {isa = PBXFileReference; lastKnownFileType = sourcecode.swift; path = ResultModel.swift; sourceTree = "<group>"; };
		50A2FB4C25237B00005CF782 /* RssModel.swift */ = {isa = PBXFileReference; lastKnownFileType = sourcecode.swift; path = RssModel.swift; sourceTree = "<group>"; };
		50A2FB4F25237B2D005CF782 /* GridsViewModel.swift */ = {isa = PBXFileReference; lastKnownFileType = sourcecode.swift; path = GridsViewModel.swift; sourceTree = "<group>"; };
/* End PBXFileReference section */

/* Begin PBXFrameworksBuildPhase section */
		50A2FB23252364ED005CF782 /* Frameworks */ = {
			isa = PBXFrameworksBuildPhase;
			buildActionMask = 2147483647;
			files = (
				50A2FB40252374A0005CF782 /* KingfisherSwiftUI in Frameworks */,
			);
			runOnlyForDeploymentPostprocessing = 0;
		};
/* End PBXFrameworksBuildPhase section */

/* Begin PBXGroup section */
		50A2FB1D252364ED005CF782 = {
			isa = PBXGroup;
			children = (
				50A2FB28252364ED005CF782 /* SwiftUI Grids With Search */,
				50A2FB27252364ED005CF782 /* Products */,
			);
			sourceTree = "<group>";
		};
		50A2FB27252364ED005CF782 /* Products */ = {
			isa = PBXGroup;
			children = (
				50A2FB26252364ED005CF782 /* SwiftUI Grids With Search.app */,
			);
			name = Products;
			sourceTree = "<group>";
		};
		50A2FB28252364ED005CF782 /* SwiftUI Grids With Search */ = {
			isa = PBXGroup;
			children = (
				50A2FB5225237BA5005CF782 /* App */,
				50A2FB4425237AA6005CF782 /* View */,
				50A2FB4325237A97005CF782 /* ViewModel */,
				50A2FB4225237A8A005CF782 /* Model */,
				50A2FB2D252364EE005CF782 /* Assets.xcassets */,
				50A2FB32252364EE005CF782 /* Info.plist */,
				50A2FB2F252364EE005CF782 /* Preview Content */,
			);
			path = "SwiftUI Grids With Search";
			sourceTree = "<group>";
		};
		50A2FB2F252364EE005CF782 /* Preview Content */ = {
			isa = PBXGroup;
			children = (
				50A2FB30252364EE005CF782 /* Preview Assets.xcassets */,
			);
			path = "Preview Content";
			sourceTree = "<group>";
		};
		50A2FB4225237A8A005CF782 /* Model */ = {
			isa = PBXGroup;
			children = (
				50A2FB4525237AC7005CF782 /* FeedModel.swift */,
				50A2FB4925237AE4005CF782 /* ResultModel.swift */,
				50A2FB4C25237B00005CF782 /* RssModel.swift */,
			);
			path = Model;
			sourceTree = "<group>";
		};
		50A2FB4325237A97005CF782 /* ViewModel */ = {
			isa = PBXGroup;
			children = (
				50A2FB4F25237B2D005CF782 /* GridsViewModel.swift */,
			);
			path = ViewModel;
			sourceTree = "<group>";
		};
		50A2FB4425237AA6005CF782 /* View */ = {
			isa = PBXGroup;
			children = (
				50A2FB3A252365D3005CF782 /* GridsView.swift */,
			);
			path = View;
			sourceTree = "<group>";
		};
		50A2FB5225237BA5005CF782 /* App */ = {
			isa = PBXGroup;
			children = (
				50A2FB29252364ED005CF782 /* SwiftUI_Grids_With_SearchApp.swift */,
			);
			path = App;
			sourceTree = "<group>";
		};
/* End PBXGroup section */

/* Begin PBXNativeTarget section */
		50A2FB25252364ED005CF782 /* SwiftUI Grids With Search */ = {
			isa = PBXNativeTarget;
			buildConfigurationList = 50A2FB35252364EE005CF782 /* Build configuration list for PBXNativeTarget "SwiftUI Grids With Search" */;
			buildPhases = (
				50A2FB22252364ED005CF782 /* Sources */,
				50A2FB23252364ED005CF782 /* Frameworks */,
				50A2FB24252364ED005CF782 /* Resources */,
			);
			buildRules = (
			);
			dependencies = (
			);
			name = "SwiftUI Grids With Search";
			packageProductDependencies = (
				50A2FB3F252374A0005CF782 /* KingfisherSwiftUI */,
			);
			productName = "SwiftUI Grids With Search";
			productReference = 50A2FB26252364ED005CF782 /* SwiftUI Grids With Search.app */;
			productType = "com.apple.product-type.application";
		};
/* End PBXNativeTarget section */

/* Begin PBXProject section */
		50A2FB1E252364ED005CF782 /* Project object */ = {
			isa = PBXProject;
			attributes = {
				LastSwiftUpdateCheck = 1200;
				LastUpgradeCheck = 1200;
				TargetAttributes = {
					50A2FB25252364ED005CF782 = {
						CreatedOnToolsVersion = 12.0;
					};
				};
			};
			buildConfigurationList = 50A2FB21252364ED005CF782 /* Build configuration list for PBXProject "SwiftUI Grids With Search" */;
			compatibilityVersion = "Xcode 9.3";
			developmentRegion = en;
			hasScannedForEncodings = 0;
			knownRegions = (
				en,
				Base,
			);
			mainGroup = 50A2FB1D252364ED005CF782;
			packageReferences = (
				50A2FB3E252374A0005CF782 /* XCRemoteSwiftPackageReference "Kingfisher" */,
			);
			productRefGroup = 50A2FB27252364ED005CF782 /* Products */;
			projectDirPath = "";
			projectRoot = "";
			targets = (
				50A2FB25252364ED005CF782 /* SwiftUI Grids With Search */,
			);
		};
/* End PBXProject section */

/* Begin PBXResourcesBuildPhase section */
		50A2FB24252364ED005CF782 /* Resources */ = {
			isa = PBXResourcesBuildPhase;
			buildActionMask = 2147483647;
			files = (
				50A2FB31252364EE005CF782 /* Preview Assets.xcassets in Resources */,
				50A2FB2E252364EE005CF782 /* Assets.xcassets in Resources */,
			);
			runOnlyForDeploymentPostprocessing = 0;
		};
/* End PBXResourcesBuildPhase section */

/* Begin PBXSourcesBuildPhase section */
		50A2FB22252364ED005CF782 /* Sources */ = {
			isa = PBXSourcesBuildPhase;
			buildActionMask = 2147483647;
			files = (
				50A2FB4A25237AE4005CF782 /* ResultModel.swift in Sources */,
				50A2FB3B252365D3005CF782 /* GridsView.swift in Sources */,
				50A2FB5025237B2D005CF782 /* GridsViewModel.swift in Sources */,
				50A2FB4D25237B00005CF782 /* RssModel.swift in Sources */,
				50A2FB4625237AC7005CF782 /* FeedModel.swift in Sources */,
				50A2FB2A252364ED005CF782 /* SwiftUI_Grids_With_SearchApp.swift in Sources */,
			);
			runOnlyForDeploymentPostprocessing = 0;
		};
/* End PBXSourcesBuildPhase section */

/* Begin XCBuildConfiguration section */
		50A2FB33252364EE005CF782 /* Debug */ = {
			isa = XCBuildConfiguration;
			buildSettings = {
				ALWAYS_SEARCH_USER_PATHS = NO;
				CLANG_ANALYZER_NONNULL = YES;
				CLANG_ANALYZER_NUMBER_OBJECT_CONVERSION = YES_AGGRESSIVE;
				CLANG_CXX_LANGUAGE_STANDARD = "gnu++14";
				CLANG_CXX_LIBRARY = "libc++";
				CLANG_ENABLE_MODULES = YES;
				CLANG_ENABLE_OBJC_ARC = YES;
				CLANG_ENABLE_OBJC_WEAK = YES;
				CLANG_WARN_BLOCK_CAPTURE_AUTORELEASING = YES;
				CLANG_WARN_BOOL_CONVERSION = YES;
				CLANG_WARN_COMMA = YES;
				CLANG_WARN_CONSTANT_CONVERSION = YES;
				CLANG_WARN_DEPRECATED_OBJC_IMPLEMENTATIONS = YES;
				CLANG_WARN_DIRECT_OBJC_ISA_USAGE = YES_ERROR;
				CLANG_WARN_DOCUMENTATION_COMMENTS = YES;
				CLANG_WARN_EMPTY_BODY = YES;
				CLANG_WARN_ENUM_CONVERSION = YES;
				CLANG_WARN_INFINITE_RECURSION = YES;
				CLANG_WARN_INT_CONVERSION = YES;
				CLANG_WARN_NON_LITERAL_NULL_CONVERSION = YES;
				CLANG_WARN_OBJC_IMPLICIT_RETAIN_SELF = YES;
				CLANG_WARN_OBJC_LITERAL_CONVERSION = YES;
				CLANG_WARN_OBJC_ROOT_CLASS = YES_ERROR;
				CLANG_WARN_QUOTED_INCLUDE_IN_FRAMEWORK_HEADER = YES;
				CLANG_WARN_RANGE_LOOP_ANALYSIS = YES;
				CLANG_WARN_STRICT_PROTOTYPES = YES;
				CLANG_WARN_SUSPICIOUS_MOVE = YES;
				CLANG_WARN_UNGUARDED_AVAILABILITY = YES_AGGRESSIVE;
				CLANG_WARN_UNREACHABLE_CODE = YES;
				CLANG_WARN__DUPLICATE_METHOD_MATCH = YES;
				COPY_PHASE_STRIP = NO;
				DEBUG_INFORMATION_FORMAT = dwarf;
				ENABLE_STRICT_OBJC_MSGSEND = YES;
				ENABLE_TESTABILITY = YES;
				GCC_C_LANGUAGE_STANDARD = gnu11;
				GCC_DYNAMIC_NO_PIC = NO;
				GCC_NO_COMMON_BLOCKS = YES;
				GCC_OPTIMIZATION_LEVEL = 0;
				GCC_PREPROCESSOR_DEFINITIONS = (
					"DEBUG=1",
					"$(inherited)",
				);
				GCC_WARN_64_TO_32_BIT_CONVERSION = YES;
				GCC_WARN_ABOUT_RETURN_TYPE = YES_ERROR;
				GCC_WARN_UNDECLARED_SELECTOR = YES;
				GCC_WARN_UNINITIALIZED_AUTOS = YES_AGGRESSIVE;
				GCC_WARN_UNUSED_FUNCTION = YES;
				GCC_WARN_UNUSED_VARIABLE = YES;
				IPHONEOS_DEPLOYMENT_TARGET = 14.0;
				MTL_ENABLE_DEBUG_INFO = INCLUDE_SOURCE;
				MTL_FAST_MATH = YES;
				ONLY_ACTIVE_ARCH = YES;
				SDKROOT = iphoneos;
				SWIFT_ACTIVE_COMPILATION_CONDITIONS = DEBUG;
				SWIFT_OPTIMIZATION_LEVEL = "-Onone";
			};
			name = Debug;
		};
		50A2FB34252364EE005CF782 /* Release */ = {
			isa = XCBuildConfiguration;
			buildSettings = {
				ALWAYS_SEARCH_USER_PATHS = NO;
				CLANG_ANALYZER_NONNULL = YES;
				CLANG_ANALYZER_NUMBER_OBJECT_CONVERSION = YES_AGGRESSIVE;
				CLANG_CXX_LANGUAGE_STANDARD = "gnu++14";
				CLANG_CXX_LIBRARY = "libc++";
				CLANG_ENABLE_MODULES = YES;
				CLANG_ENABLE_OBJC_ARC = YES;
				CLANG_ENABLE_OBJC_WEAK = YES;
				CLANG_WARN_BLOCK_CAPTURE_AUTORELEASING = YES;
				CLANG_WARN_BOOL_CONVERSION = YES;
				CLANG_WARN_COMMA = YES;
				CLANG_WARN_CONSTANT_CONVERSION = YES;
				CLANG_WARN_DEPRECATED_OBJC_IMPLEMENTATIONS = YES;
				CLANG_WARN_DIRECT_OBJC_ISA_USAGE = YES_ERROR;
				CLANG_WARN_DOCUMENTATION_COMMENTS = YES;
				CLANG_WARN_EMPTY_BODY = YES;
				CLANG_WARN_ENUM_CONVERSION = YES;
				CLANG_WARN_INFINITE_RECURSION = YES;
				CLANG_WARN_INT_CONVERSION = YES;
				CLANG_WARN_NON_LITERAL_NULL_CONVERSION = YES;
				CLANG_WARN_OBJC_IMPLICIT_RETAIN_SELF = YES;
				CLANG_WARN_OBJC_LITERAL_CONVERSION = YES;
				CLANG_WARN_OBJC_ROOT_CLASS = YES_ERROR;
				CLANG_WARN_QUOTED_INCLUDE_IN_FRAMEWORK_HEADER = YES;
				CLANG_WARN_RANGE_LOOP_ANALYSIS = YES;
				CLANG_WARN_STRICT_PROTOTYPES = YES;
				CLANG_WARN_SUSPICIOUS_MOVE = YES;
				CLANG_WARN_UNGUARDED_AVAILABILITY = YES_AGGRESSIVE;
				CLANG_WARN_UNREACHABLE_CODE = YES;
				CLANG_WARN__DUPLICATE_METHOD_MATCH = YES;
				COPY_PHASE_STRIP = NO;
				DEBUG_INFORMATION_FORMAT = "dwarf-with-dsym";
				ENABLE_NS_ASSERTIONS = NO;
				ENABLE_STRICT_OBJC_MSGSEND = YES;
				GCC_C_LANGUAGE_STANDARD = gnu11;
				GCC_NO_COMMON_BLOCKS = YES;
				GCC_WARN_64_TO_32_BIT_CONVERSION = YES;
				GCC_WARN_ABOUT_RETURN_TYPE = YES_ERROR;
				GCC_WARN_UNDECLARED_SELECTOR = YES;
				GCC_WARN_UNINITIALIZED_AUTOS = YES_AGGRESSIVE;
				GCC_WARN_UNUSED_FUNCTION = YES;
				GCC_WARN_UNUSED_VARIABLE = YES;
				IPHONEOS_DEPLOYMENT_TARGET = 14.0;
				MTL_ENABLE_DEBUG_INFO = NO;
				MTL_FAST_MATH = YES;
				SDKROOT = iphoneos;
				SWIFT_COMPILATION_MODE = wholemodule;
				SWIFT_OPTIMIZATION_LEVEL = "-O";
				VALIDATE_PRODUCT = YES;
			};
			name = Release;
		};
		50A2FB36252364EE005CF782 /* Debug */ = {
			isa = XCBuildConfiguration;
			buildSettings = {
				ASSETCATALOG_COMPILER_APPICON_NAME = AppIcon;
				ASSETCATALOG_COMPILER_GLOBAL_ACCENT_COLOR_NAME = AccentColor;
				CODE_SIGN_STYLE = Automatic;
				DEVELOPMENT_ASSET_PATHS = "\"SwiftUI Grids With Search/Preview Content\"";
				DEVELOPMENT_TEAM = R6S4DV3MW3;
				ENABLE_PREVIEWS = YES;
				INFOPLIST_FILE = "SwiftUI Grids With Search/Info.plist";
				IPHONEOS_DEPLOYMENT_TARGET = 14.0;
				LD_RUNPATH_SEARCH_PATHS = (
					"$(inherited)",
					"@executable_path/Frameworks",
				);
				PRODUCT_BUNDLE_IDENTIFIER = "com.aserdah.SwiftUI-Grids-With-Search";
				PRODUCT_NAME = "$(TARGET_NAME)";
				SWIFT_VERSION = 5.0;
				TARGETED_DEVICE_FAMILY = "1,2";
			};
			name = Debug;
		};
		50A2FB37252364EE005CF782 /* Release */ = {
			isa = XCBuildConfiguration;
			buildSettings = {
				ASSETCATALOG_COMPILER_APPICON_NAME = AppIcon;
				ASSETCATALOG_COMPILER_GLOBAL_ACCENT_COLOR_NAME = AccentColor;
				CODE_SIGN_STYLE = Automatic;
				DEVELOPMENT_ASSET_PATHS = "\"SwiftUI Grids With Search/Preview Content\"";
				DEVELOPMENT_TEAM = R6S4DV3MW3;
				ENABLE_PREVIEWS = YES;
				INFOPLIST_FILE = "SwiftUI Grids With Search/Info.plist";
				IPHONEOS_DEPLOYMENT_TARGET = 14.0;
				LD_RUNPATH_SEARCH_PATHS = (
					"$(inherited)",
					"@executable_path/Frameworks",
				);
				PRODUCT_BUNDLE_IDENTIFIER = "com.aserdah.SwiftUI-Grids-With-Search";
				PRODUCT_NAME = "$(TARGET_NAME)";
				SWIFT_VERSION = 5.0;
				TARGETED_DEVICE_FAMILY = "1,2";
			};
			name = Release;
		};
/* End XCBuildConfiguration section */

/* Begin XCConfigurationList section */
		50A2FB21252364ED005CF782 /* Build configuration list for PBXProject "SwiftUI Grids With Search" */ = {
			isa = XCConfigurationList;
			buildConfigurations = (
				50A2FB33252364EE005CF782 /* Debug */,
				50A2FB34252364EE005CF782 /* Release */,
			);
			defaultConfigurationIsVisible = 0;
			defaultConfigurationName = Release;
		};
		50A2FB35252364EE005CF782 /* Build configuration list for PBXNativeTarget "SwiftUI Grids With Search" */ = {
			isa = XCConfigurationList;
			buildConfigurations = (
				50A2FB36252364EE005CF782 /* Debug */,
				50A2FB37252364EE005CF782 /* Release */,
			);
			defaultConfigurationIsVisible = 0;
			defaultConfigurationName = Release;
		};
/* End XCConfigurationList section */

/* Begin XCRemoteSwiftPackageReference section */
		50A2FB3E252374A0005CF782 /* XCRemoteSwiftPackageReference "Kingfisher" */ = {
			isa = XCRemoteSwiftPackageReference;
			repositoryURL = "https://github.com/onevcat/Kingfisher";
			requirement = {
				kind = upToNextMajorVersion;
				minimumVersion = 5.15.5;
			};
		};
/* End XCRemoteSwiftPackageReference section */

/* Begin XCSwiftPackageProductDependency section */
		50A2FB3F252374A0005CF782 /* KingfisherSwiftUI */ = {
			isa = XCSwiftPackageProductDependency;
			package = 50A2FB3E252374A0005CF782 /* XCRemoteSwiftPackageReference "Kingfisher" */;
			productName = KingfisherSwiftUI;
		};
/* End XCSwiftPackageProductDependency section */
	};
	rootObject = 50A2FB1E252364ED005CF782 /* Project object */;
}
